
Microsoft Visual Studio Solution File, Format Version 12.00
# Visual Studio 15
VisualStudioVersion = 15.0.28307.271
MinimumVisualStudioVersion = 10.0.40219.1
Project("{FAE04EC0-301F-11D3-BF4B-00C04F79EFBC}") = "AboutYourHolidays", "AboutYourHolidays\AboutYourHolidays.csproj", "{C79EDB4A-AFB6-447F-90BF-9EF65129960A}"
EndProject
Global
	GlobalSection(SolutionConfigurationPlatforms) = preSolution
		Debug|Any CPU = Debug|Any CPU
		Release|Any CPU = Release|Any CPU
	EndGlobalSection
	GlobalSection(ProjectConfigurationPlatforms) = postSolution
		{C79EDB4A-AFB6-447F-90BF-9EF65129960A}.Debug|Any CPU.ActiveCfg = Debug|Any CPU
		{C79EDB4A-AFB6-447F-90BF-9EF65129960A}.Debug|Any CPU.Build.0 = Debug|Any CPU
		{C79EDB4A-AFB6-447F-90BF-9EF65129960A}.Release|Any CPU.ActiveCfg = Release|Any CPU
		{C79EDB4A-AFB6-447F-90BF-9EF65129960A}.Release|Any CPU.Build.0 = Release|Any CPU
	EndGlobalSection
	GlobalSection(SolutionProperties) = preSolution
		HideSolutionNode = FALSE
	EndGlobalSection
	GlobalSection(ExtensibilityGlobals) = postSolution
		SolutionGuid = {FB1F7393-F4D1-49C2-B776-23E836AD5EEF}
	EndGlobalSection
EndGlobal
